
Microsoft Visual Studio Solution File, Format Version 12.00
# Visual Studio 15
Project("{FAE04EC0-301F-11D3-BF4B-00C04F79EFBC}") = "Assembly-CSharp-Editor", "Assembly-CSharp-Editor.csproj", "{8B726B1E-D7B0-D26E-A596-BB24C44F6B81}"
EndProject
Project("{FAE04EC0-301F-11D3-BF4B-00C04F79EFBC}") = "Assembly-CSharp", "Assembly-CSharp.csproj", "{4C3AD7CD-BEC7-075A-4795-7765B0858CCD}"
EndProject
Global
	GlobalSection(SolutionConfigurationPlatforms) = preSolution
		Debug|Any CPU = Debug|Any CPU
		Release|Any CPU = Release|Any CPU
	EndGlobalSection
	GlobalSection(ProjectConfigurationPlatforms) = postSolution
		{8B726B1E-D7B0-D26E-A596-BB24C44F6B81}.Debug|Any CPU.ActiveCfg = Debug|Any CPU
		{8B726B1E-D7B0-D26E-A596-BB24C44F6B81}.Debug|Any CPU.Build.0 = Debug|Any CPU
		{8B726B1E-D7B0-D26E-A596-BB24C44F6B81}.Release|Any CPU.ActiveCfg = Release|Any CPU
		{8B726B1E-D7B0-D26E-A596-BB24C44F6B81}.Release|Any CPU.Build.0 = Release|Any CPU
		{4C3AD7CD-BEC7-075A-4795-7765B0858CCD}.Debug|Any CPU.ActiveCfg = Debug|Any CPU
		{4C3AD7CD-BEC7-075A-4795-7765B0858CCD}.Debug|Any CPU.Build.0 = Debug|Any CPU
		{4C3AD7CD-BEC7-075A-4795-7765B0858CCD}.Release|Any CPU.ActiveCfg = Release|Any CPU
		{4C3AD7CD-BEC7-075A-4795-7765B0858CCD}.Release|Any CPU.Build.0 = Release|Any CPU
	EndGlobalSection
	GlobalSection(SolutionProperties) = preSolution
		HideSolutionNode = FALSE
	EndGlobalSection
EndGlobal
